Microsoft Visual Studio Solution File, Format Version 11.00
# Visual Studio 2008

Project("{5E07EF87-9C4B-FB30-C035-F1DD308AF923}") = "UnityVR", "Assembly-CSharp-firstpass.csproj", "{51DC89CB-BED4-BC81-D81B-E2F824E737E4}"
EndProject
Project("{5E07EF87-9C4B-FB30-C035-F1DD308AF923}") = "UnityVR", "Assembly-CSharp.csproj", "{7811A4FE-C37A-C653-AAE7-FD362041DC7E}"
EndProject
Project("{5E07EF87-9C4B-FB30-C035-F1DD308AF923}") = "UnityVR", "Assembly-CSharp-Editor.csproj", "{375132FC-FC7C-38FC-5DA9-04CCC2700F58}"
EndProject
Project("{5E07EF87-9C4B-FB30-C035-F1DD308AF923}") = "UnityVR", "Assembly-UnityScript-firstpass.unityproj", "{42540121-A269-D7ED-B9AD-4D04036E7BFC}"
EndProject
Project("{5E07EF87-9C4B-FB30-C035-F1DD308AF923}") = "UnityVR", "Assembly-UnityScript.unityproj", "{300E2D12-F5B0-F60F-9E07-42C43300FF2A}"
EndProject
Project("{5E07EF87-9C4B-FB30-C035-F1DD308AF923}") = "UnityVR", "Assembly-UnityScript-Editor-firstpass.unityproj", "{927FC0C9-932B-D009-078A-ED6A96376E56}"
EndProject
Project("{5E07EF87-9C4B-FB30-C035-F1DD308AF923}") = "UnityVR", "Assembly-UnityScript-Editor.unityproj", "{92F12281-E072-7640-F19B-1728A81EC7A8}"
EndProject
Global
	GlobalSection(SolutionConfigurationPlatforms) = preSolution
		Debug|Any CPU = Debug|Any CPU
		Release|Any CPU = Release|Any CPU
	EndGlobalSection
	GlobalSection(ProjectConfigurationPlatforms) = postSolution
		{51DC89CB-BED4-BC81-D81B-E2F824E737E4}.Debug|Any CPU.ActiveCfg = Debug|Any CPU
		{51DC89CB-BED4-BC81-D81B-E2F824E737E4}.Debug|Any CPU.Build.0 = Debug|Any CPU
		{51DC89CB-BED4-BC81-D81B-E2F824E737E4}.Release|Any CPU.ActiveCfg = Release|Any CPU
		{51DC89CB-BED4-BC81-D81B-E2F824E737E4}.Release|Any CPU.Build.0 = Release|Any CPU
		{7811A4FE-C37A-C653-AAE7-FD362041DC7E}.Debug|Any CPU.ActiveCfg = Debug|Any CPU
		{7811A4FE-C37A-C653-AAE7-FD362041DC7E}.Debug|Any CPU.Build.0 = Debug|Any CPU
		{7811A4FE-C37A-C653-AAE7-FD362041DC7E}.Release|Any CPU.ActiveCfg = Release|Any CPU
		{7811A4FE-C37A-C653-AAE7-FD362041DC7E}.Release|Any CPU.Build.0 = Release|Any CPU
		{375132FC-FC7C-38FC-5DA9-04CCC2700F58}.Debug|Any CPU.ActiveCfg = Debug|Any CPU
		{375132FC-FC7C-38FC-5DA9-04CCC2700F58}.Debug|Any CPU.Build.0 = Debug|Any CPU
		{375132FC-FC7C-38FC-5DA9-04CCC2700F58}.Release|Any CPU.ActiveCfg = Release|Any CPU
		{375132FC-FC7C-38FC-5DA9-04CCC2700F58}.Release|Any CPU.Build.0 = Release|Any CPU
		{42540121-A269-D7ED-B9AD-4D04036E7BFC}.Debug|Any CPU.ActiveCfg = Debug|Any CPU
		{42540121-A269-D7ED-B9AD-4D04036E7BFC}.Debug|Any CPU.Build.0 = Debug|Any CPU
		{42540121-A269-D7ED-B9AD-4D04036E7BFC}.Release|Any CPU.ActiveCfg = Release|Any CPU
		{42540121-A269-D7ED-B9AD-4D04036E7BFC}.Release|Any CPU.Build.0 = Release|Any CPU
		{300E2D12-F5B0-F60F-9E07-42C43300FF2A}.Debug|Any CPU.ActiveCfg = Debug|Any CPU
		{300E2D12-F5B0-F60F-9E07-42C43300FF2A}.Debug|Any CPU.Build.0 = Debug|Any CPU
		{300E2D12-F5B0-F60F-9E07-42C43300FF2A}.Release|Any CPU.ActiveCfg = Release|Any CPU
		{300E2D12-F5B0-F60F-9E07-42C43300FF2A}.Release|Any CPU.Build.0 = Release|Any CPU
		{927FC0C9-932B-D009-078A-ED6A96376E56}.Debug|Any CPU.ActiveCfg = Debug|Any CPU
		{927FC0C9-932B-D009-078A-ED6A96376E56}.Debug|Any CPU.Build.0 = Debug|Any CPU
		{927FC0C9-932B-D009-078A-ED6A96376E56}.Release|Any CPU.ActiveCfg = Release|Any CPU
		{927FC0C9-932B-D009-078A-ED6A96376E56}.Release|Any CPU.Build.0 = Release|Any CPU
		{92F12281-E072-7640-F19B-1728A81EC7A8}.Debug|Any CPU.ActiveCfg = Debug|Any CPU
		{92F12281-E072-7640-F19B-1728A81EC7A8}.Debug|Any CPU.Build.0 = Debug|Any CPU
		{92F12281-E072-7640-F19B-1728A81EC7A8}.Release|Any CPU.ActiveCfg = Release|Any CPU
		{92F12281-E072-7640-F19B-1728A81EC7A8}.Release|Any CPU.Build.0 = Release|Any CPU
	EndGlobalSection
	GlobalSection(SolutionProperties) = preSolution
		HideSolutionNode = FALSE
	EndGlobalSection
						GlobalSection(MonoDevelopProperties) = preSolution
		StartupItem = Assembly-CSharp.csproj
		Policies = $0
		$0.TextStylePolicy = $1
		$1.inheritsSet = null
		$1.scope = text/x-csharp
		$0.CSharpFormattingPolicy = $2
		$2.inheritsSet = Mono
		$2.inheritsScope = text/x-csharp
		$2.scope = text/x-csharp
		$0.TextStylePolicy = $3
		$3.FileWidth = 120
		$3.TabWidth = 4
		$3.EolMarker = Unix
		$3.inheritsSet = Mono
		$3.inheritsScope = text/plain
		$3.scope = text/plain
	EndGlobalSection

EndGlobal
